
Microsoft Visual Studio Solution File, Format Version 12.00
# Visual Studio Version 16
VisualStudioVersion = 16.0.32929.386
MinimumVisualStudioVersion = 10.0.40219.1
Project("{FAE04EC0-301F-11D3-BF4B-00C04F79EFBC}") = "labtask10", "labtask10.csproj", "{57651282-7EDD-482B-A5BF-C9008322F94B}"
EndProject
Global
	GlobalSection(SolutionConfigurationPlatforms) = preSolution
		Debug|Any CPU = Debug|Any CPU
		Release|Any CPU = Release|Any CPU
	EndGlobalSection
	GlobalSection(ProjectConfigurationPlatforms) = postSolution
		{57651282-7EDD-482B-A5BF-C9008322F94B}.Debug|Any CPU.ActiveCfg = Debug|Any CPU
		{57651282-7EDD-482B-A5BF-C9008322F94B}.Debug|Any CPU.Build.0 = Debug|Any CPU
		{57651282-7EDD-482B-A5BF-C9008322F94B}.Release|Any CPU.ActiveCfg = Release|Any CPU
		{57651282-7EDD-482B-A5BF-C9008322F94B}.Release|Any CPU.Build.0 = Release|Any CPU
	EndGlobalSection
	GlobalSection(SolutionProperties) = preSolution
		HideSolutionNode = FALSE
	EndGlobalSection
	GlobalSection(ExtensibilityGlobals) = postSolution
		SolutionGuid = {29369100-E044-4568-8BC3-4739E87FC0EF}
	EndGlobalSection
EndGlobal
